
Microsoft Visual Studio Solution File, Format Version 12.00
# Visual Studio Version 17
VisualStudioVersion = 17.12.35309.182
MinimumVisualStudioVersion = 10.0.40219.1
Project("{FAE04EC0-301F-11D3-BF4B-00C04F79EFBC}") = "PR3", "PR3\PR3.csproj", "{10EEB685-0422-411D-95C7-1500E8F00FFE}"
EndProject
Global
	GlobalSection(SolutionConfigurationPlatforms) = preSolution
		Debug|Any CPU = Debug|Any CPU
		Release|Any CPU = Release|Any CPU
	EndGlobalSection
	GlobalSection(ProjectConfigurationPlatforms) = postSolution
		{10EEB685-0422-411D-95C7-1500E8F00FFE}.Debug|Any CPU.ActiveCfg = Debug|Any CPU
		{10EEB685-0422-411D-95C7-1500E8F00FFE}.Debug|Any CPU.Build.0 = Debug|Any CPU
		{10EEB685-0422-411D-95C7-1500E8F00FFE}.Release|Any CPU.ActiveCfg = Release|Any CPU
		{10EEB685-0422-411D-95C7-1500E8F00FFE}.Release|Any CPU.Build.0 = Release|Any CPU
	EndGlobalSection
	GlobalSection(SolutionProperties) = preSolution
		HideSolutionNode = FALSE
	EndGlobalSection
	GlobalSection(ExtensibilityGlobals) = postSolution
		SolutionGuid = {CB67AB45-576A-4C69-B40A-5FECC50DB9A4}
	EndGlobalSection
EndGlobal
